
Microsoft Visual Studio Solution File, Format Version 12.00
# Visual Studio Version 17
VisualStudioVersion = 17.3.32901.215
MinimumVisualStudioVersion = 10.0.40219.1
Project("{FAE04EC0-301F-11D3-BF4B-00C04F79EFBC}") = "Tortiki", "Tortiki.csproj", "{B3A724D9-BD64-4658-BE20-95CC49FFF192}"
EndProject
Global
	GlobalSection(SolutionConfigurationPlatforms) = preSolution
		Debug|Any CPU = Debug|Any CPU
		Release|Any CPU = Release|Any CPU
	EndGlobalSection
	GlobalSection(ProjectConfigurationPlatforms) = postSolution
		{B3A724D9-BD64-4658-BE20-95CC49FFF192}.Debug|Any CPU.ActiveCfg = Debug|Any CPU
		{B3A724D9-BD64-4658-BE20-95CC49FFF192}.Debug|Any CPU.Build.0 = Debug|Any CPU
		{B3A724D9-BD64-4658-BE20-95CC49FFF192}.Release|Any CPU.ActiveCfg = Release|Any CPU
		{B3A724D9-BD64-4658-BE20-95CC49FFF192}.Release|Any CPU.Build.0 = Release|Any CPU
	EndGlobalSection
	GlobalSection(SolutionProperties) = preSolution
		HideSolutionNode = FALSE
	EndGlobalSection
	GlobalSection(ExtensibilityGlobals) = postSolution
		SolutionGuid = {824FE6D0-3E54-45C2-946F-95B295CDFA1C}
	EndGlobalSection
EndGlobal
